hash: d48c06cfc133162fde23338a349f00f00b8aff09b7b336459c316c127a59b858
updated: 2017-11-18T17:35:15.85222+09:00
imports:
- name: github.com/grafov/m3u8
  version: 0b86a8a8eaf300b6dfaf5a7a32b6e0b86f094621
- name: golang.org/x/net
  version: 9dfe39835686865bff950a07b394c12a98ddc811
  subpackages:
  - html
  - html/atom
testImports: []
