# This file is autogenerated, do not edit; changes may be undone by the next 'dep ensure'.

memo = "0560237b47651f51f8755f48f80cc2a0d6828b52f2fcc2ced827cd7b1344add9"

[[projects]]
  branch = "master"
  name = "github.com/grafov/m3u8"
  packages = ["."]
  revision = "d137fcd412b91fee5939a56a9d0d5a83c81d39d3"

[[projects]]
  branch = "master"
  name = "golang.org/x/net"
  packages = ["html","html/atom"]
  revision = "7b572d500b0702f1ea30a47083ce2e1e5c61edba"
